
Microsoft Visual Studio Solution File, Format Version 12.00
# Visual Studio Version 17
VisualStudioVersion = 17.9.34321.82
MinimumVisualStudioVersion = 10.0.40219.1
Project("{9A19103F-16F7-4668-BE54-9A1E7A4F7556}") = "ServiceDiscovery.Dotnet.AppHost", "ServiceDiscovery.Dotnet.AppHost\ServiceDiscovery.Dotnet.AppHost.csproj", "{536B0113-99B5-4A47-BB00-1258522405BF}"
EndProject
Project("{9A19103F-16F7-4668-BE54-9A1E7A4F7556}") = "ServiceDiscovery.Dotnet.ServiceDefaults", "ServiceDiscovery.Dotnet.ServiceDefaults\ServiceDiscovery.Dotnet.ServiceDefaults.csproj", "{2CCA038D-D387-4EBE-8D68-F9974928A39F}"
EndProject
Project("{9A19103F-16F7-4668-BE54-9A1E7A4F7556}") = "ServiceDiscovery.Dotnet.ApiService", "ServiceDiscovery.Dotnet.ApiService\ServiceDiscovery.Dotnet.ApiService.csproj", "{779AFC52-537A-41C3-A0C4-AC807E3534F1}"
EndProject
Project("{9A19103F-16F7-4668-BE54-9A1E7A4F7556}") = "ServiceDiscovery.Dotnet.Web", "ServiceDiscovery.Dotnet.Web\ServiceDiscovery.Dotnet.Web.csproj", "{C2EF1A93-F6CE-40DC-95D1-F893290BE385}"
EndProject
Project("{9A19103F-16F7-4668-BE54-9A1E7A4F7556}") = "ServiceDiscovery.Dotnet.ApiGateway", "ServiceDiscovery.Dotnet.ApiGateway\ServiceDiscovery.Dotnet.ApiGateway.csproj", "{BDF7A2EC-030A-4947-8CB6-F2EA927030A2}"
EndProject
Project("{9A19103F-16F7-4668-BE54-9A1E7A4F7556}") = "ServiceDiscovery.Dotnet.Shared", "ServiceDiscovery.Dotnet.Shared\ServiceDiscovery.Dotnet.Shared.csproj", "{097CD0B6-D2B0-41B8-A048-3557EA6386AE}"
EndProject
Project("{2150E333-8FDC-42A3-9474-1A3956D46DE8}") = "Development_Infraestructure", "Development_Infraestructure", "{AAE9A63B-2154-418A-BFD9-4E3B47AA1C0D}"
	ProjectSection(SolutionItems) = preProject
		docker-compose.yml = docker-compose.yml
	EndProjectSection
EndProject
Project("{9A19103F-16F7-4668-BE54-9A1E7A4F7556}") = "ServiceDiscovery.Dotnet.Cli", "ServiceDiscovery.Dotnet.Cli\ServiceDiscovery.Dotnet.Cli.csproj", "{1F1F5EB7-4324-43A8-9CD7-A289EC9D691C}"
EndProject
Project("{9A19103F-16F7-4668-BE54-9A1E7A4F7556}") = "Rop.Result.Object", "..\..\..\Railway.Oriented.Programming.Dotnet\Rop.Result.Object\Rop.Result.Object.csproj", "{89FB7CE5-3577-4A20-87C4-E170C6336AAF}"
EndProject
Global
	GlobalSection(SolutionConfigurationPlatforms) = preSolution
		Debug|Any CPU = Debug|Any CPU
		Release|Any CPU = Release|Any CPU
	EndGlobalSection
	GlobalSection(ProjectConfigurationPlatforms) = postSolution
		{536B0113-99B5-4A47-BB00-1258522405BF}.Debug|Any CPU.ActiveCfg = Debug|Any CPU
		{536B0113-99B5-4A47-BB00-1258522405BF}.Debug|Any CPU.Build.0 = Debug|Any CPU
		{536B0113-99B5-4A47-BB00-1258522405BF}.Release|Any CPU.ActiveCfg = Release|Any CPU
		{536B0113-99B5-4A47-BB00-1258522405BF}.Release|Any CPU.Build.0 = Release|Any CPU
		{2CCA038D-D387-4EBE-8D68-F9974928A39F}.Debug|Any CPU.ActiveCfg = Debug|Any CPU
		{2CCA038D-D387-4EBE-8D68-F9974928A39F}.Debug|Any CPU.Build.0 = Debug|Any CPU
		{2CCA038D-D387-4EBE-8D68-F9974928A39F}.Release|Any CPU.ActiveCfg = Release|Any CPU
		{2CCA038D-D387-4EBE-8D68-F9974928A39F}.Release|Any CPU.Build.0 = Release|Any CPU
		{779AFC52-537A-41C3-A0C4-AC807E3534F1}.Debug|Any CPU.ActiveCfg = Debug|Any CPU
		{779AFC52-537A-41C3-A0C4-AC807E3534F1}.Debug|Any CPU.Build.0 = Debug|Any CPU
		{779AFC52-537A-41C3-A0C4-AC807E3534F1}.Release|Any CPU.ActiveCfg = Release|Any CPU
		{779AFC52-537A-41C3-A0C4-AC807E3534F1}.Release|Any CPU.Build.0 = Release|Any CPU
		{C2EF1A93-F6CE-40DC-95D1-F893290BE385}.Debug|Any CPU.ActiveCfg = Debug|Any CPU
		{C2EF1A93-F6CE-40DC-95D1-F893290BE385}.Debug|Any CPU.Build.0 = Debug|Any CPU
		{C2EF1A93-F6CE-40DC-95D1-F893290BE385}.Release|Any CPU.ActiveCfg = Release|Any CPU
		{C2EF1A93-F6CE-40DC-95D1-F893290BE385}.Release|Any CPU.Build.0 = Release|Any CPU
		{BDF7A2EC-030A-4947-8CB6-F2EA927030A2}.Debug|Any CPU.ActiveCfg = Debug|Any CPU
		{BDF7A2EC-030A-4947-8CB6-F2EA927030A2}.Debug|Any CPU.Build.0 = Debug|Any CPU
		{BDF7A2EC-030A-4947-8CB6-F2EA927030A2}.Release|Any CPU.ActiveCfg = Release|Any CPU
		{BDF7A2EC-030A-4947-8CB6-F2EA927030A2}.Release|Any CPU.Build.0 = Release|Any CPU
		{097CD0B6-D2B0-41B8-A048-3557EA6386AE}.Debug|Any CPU.ActiveCfg = Debug|Any CPU
		{097CD0B6-D2B0-41B8-A048-3557EA6386AE}.Debug|Any CPU.Build.0 = Debug|Any CPU
		{097CD0B6-D2B0-41B8-A048-3557EA6386AE}.Release|Any CPU.ActiveCfg = Release|Any CPU
		{097CD0B6-D2B0-41B8-A048-3557EA6386AE}.Release|Any CPU.Build.0 = Release|Any CPU
		{1F1F5EB7-4324-43A8-9CD7-A289EC9D691C}.Debug|Any CPU.ActiveCfg = Debug|Any CPU
		{1F1F5EB7-4324-43A8-9CD7-A289EC9D691C}.Debug|Any CPU.Build.0 = Debug|Any CPU
		{1F1F5EB7-4324-43A8-9CD7-A289EC9D691C}.Release|Any CPU.ActiveCfg = Release|Any CPU
		{1F1F5EB7-4324-43A8-9CD7-A289EC9D691C}.Release|Any CPU.Build.0 = Release|Any CPU
		{89FB7CE5-3577-4A20-87C4-E170C6336AAF}.Debug|Any CPU.ActiveCfg = Debug|Any CPU
		{89FB7CE5-3577-4A20-87C4-E170C6336AAF}.Debug|Any CPU.Build.0 = Debug|Any CPU
		{89FB7CE5-3577-4A20-87C4-E170C6336AAF}.Release|Any CPU.ActiveCfg = Release|Any CPU
		{89FB7CE5-3577-4A20-87C4-E170C6336AAF}.Release|Any CPU.Build.0 = Release|Any CPU
	EndGlobalSection
	GlobalSection(SolutionProperties) = preSolution
		HideSolutionNode = FALSE
	EndGlobalSection
	GlobalSection(ExtensibilityGlobals) = postSolution
		SolutionGuid = {EDA169DF-42BD-4E52-92B3-8C549707C77F}
	EndGlobalSection
EndGlobal
